{
    "_readme": [
        "This file locks the dependencies of your project to a known state",
        "Read more about it at https://getcomposer.org/doc/01-basic-usage.md#installing-dependencies",
        "This file is @generated automatically"
    ],
    "content-hash": "5d6ee7b972c60c3b01dfabcff0523ffa",
    "packages": [
        {
            "name": "kzykhys/php-csv-parser",
            "version": "1.4.1",
            "source": {
                "type": "git",
                "url": "https://github.com/kzykhys/PHPCsvParser.git",
                "reference": "4f5b6db78c687d22b37a5d24542ae433b2fa48cf"
            },
            "dist": {
                "type": "zip",
                "url": "https://api.github.com/repos/kzykhys/PHPCsvParser/zipball/4f5b6db78c687d22b37a5d24542ae433b2fa48cf",
                "reference": "4f5b6db78c687d22b37a5d24542ae433b2fa48cf",
                "shasum": ""
            },
            "require": {
                "php": ">=5.3.3"
            },
            "type": "library",
            "autoload": {
                "psr-0": {
                    "": "src/"
                }
            },
            "notification-url": "https://packagist.org/downloads/",
            "license": [
                "MIT"
            ],
            "authors": [
                {
                    "name": "Kazuyuki Hayashi",
                    "email": "hayashi@valnur.net"
                }
            ],
            "description": "Convert CSV to array (Excel style is fully suppoted!)",
            "time": "2014-01-15T05:17:19+00:00"
        }
    ],
    "packages-dev": [],
    "aliases": [],
    "minimum-stability": "stable",
    "stability-flags": [],
    "prefer-stable": false,
    "prefer-lowest": false,
    "platform": [],
    "platform-dev": []
}
